
Microsoft Visual Studio Solution File, Format Version 12.00
# Visual Studio 14
VisualStudioVersion = 14.0.25420.1
MinimumVisualStudioVersion = 10.0.40219.1
Project("{FAE04EC0-301F-11D3-BF4B-00C04F79EFBC}") = "GUI", "GUI\GUI.csproj", "{7C76B084-8330-47F3-8FEC-B28E1F717CD9}"
EndProject
Project("{FAE04EC0-301F-11D3-BF4B-00C04F79EFBC}") = "BLL", "BLL\BLL.csproj", "{A60A34F0-DB6A-4B0A-B328-678F07BC9E01}"
EndProject
Project("{FAE04EC0-301F-11D3-BF4B-00C04F79EFBC}") = "DAL", "DAL\DAL.csproj", "{8A1A1ABE-94E8-49A3-B4FD-B933957F0D7F}"
EndProject
Project("{FAE04EC0-301F-11D3-BF4B-00C04F79EFBC}") = "DTO", "DTO\DTO.csproj", "{ABC2E675-8FFC-4D70-AEE3-60AE37500097}"
EndProject
Project("{FAE04EC0-301F-11D3-BF4B-00C04F79EFBC}") = "GUI_Web", "GUI_Web\GUI_Web.csproj", "{A4020B63-8B24-462C-A827-5B9CE04104EE}"
EndProject
Global
	GlobalSection(SolutionConfigurationPlatforms) = preSolution
		Debug|Any CPU = Debug|Any CPU
		Release|Any CPU = Release|Any CPU
	EndGlobalSection
	GlobalSection(ProjectConfigurationPlatforms) = postSolution
		{7C76B084-8330-47F3-8FEC-B28E1F717CD9}.Debug|Any CPU.ActiveCfg = Debug|Any CPU
		{7C76B084-8330-47F3-8FEC-B28E1F717CD9}.Debug|Any CPU.Build.0 = Debug|Any CPU
		{7C76B084-8330-47F3-8FEC-B28E1F717CD9}.Release|Any CPU.ActiveCfg = Release|Any CPU
		{7C76B084-8330-47F3-8FEC-B28E1F717CD9}.Release|Any CPU.Build.0 = Release|Any CPU
		{A60A34F0-DB6A-4B0A-B328-678F07BC9E01}.Debug|Any CPU.ActiveCfg = Debug|Any CPU
		{A60A34F0-DB6A-4B0A-B328-678F07BC9E01}.Debug|Any CPU.Build.0 = Debug|Any CPU
		{A60A34F0-DB6A-4B0A-B328-678F07BC9E01}.Release|Any CPU.ActiveCfg = Release|Any CPU
		{A60A34F0-DB6A-4B0A-B328-678F07BC9E01}.Release|Any CPU.Build.0 = Release|Any CPU
		{8A1A1ABE-94E8-49A3-B4FD-B933957F0D7F}.Debug|Any CPU.ActiveCfg = Debug|Any CPU
		{8A1A1ABE-94E8-49A3-B4FD-B933957F0D7F}.Debug|Any CPU.Build.0 = Debug|Any CPU
		{8A1A1ABE-94E8-49A3-B4FD-B933957F0D7F}.Release|Any CPU.ActiveCfg = Release|Any CPU
		{8A1A1ABE-94E8-49A3-B4FD-B933957F0D7F}.Release|Any CPU.Build.0 = Release|Any CPU
		{ABC2E675-8FFC-4D70-AEE3-60AE37500097}.Debug|Any CPU.ActiveCfg = Debug|Any CPU
		{ABC2E675-8FFC-4D70-AEE3-60AE37500097}.Debug|Any CPU.Build.0 = Debug|Any CPU
		{ABC2E675-8FFC-4D70-AEE3-60AE37500097}.Release|Any CPU.ActiveCfg = Release|Any CPU
		{ABC2E675-8FFC-4D70-AEE3-60AE37500097}.Release|Any CPU.Build.0 = Release|Any CPU
		{A4020B63-8B24-462C-A827-5B9CE04104EE}.Debug|Any CPU.ActiveCfg = Debug|Any CPU
		{A4020B63-8B24-462C-A827-5B9CE04104EE}.Debug|Any CPU.Build.0 = Debug|Any CPU
		{A4020B63-8B24-462C-A827-5B9CE04104EE}.Release|Any CPU.ActiveCfg = Release|Any CPU
		{A4020B63-8B24-462C-A827-5B9CE04104EE}.Release|Any CPU.Build.0 = Release|Any CPU
	EndGlobalSection
	GlobalSection(SolutionProperties) = preSolution
		HideSolutionNode = FALSE
	EndGlobalSection
EndGlobal
